{
  "version": 4,
  "terraform_version": "1.7.3",
  "serial": 13,
  "lineage": "6eee52aa-b115-9328-e7b7-f0afa643250c",
  "outputs": {},
  "resources": [
    {
      "mode": "managed",
      "type": "azurerm_dev_test_global_vm_shutdown_schedule",
      "name": "res-2",
      "provider": "provider[\"registry.terraform.io/hashicorp/azurerm\"]",
      "instances": [
        {
          "schema_version": 0,
          "attributes": {
            "daily_recurrence_time": "2100",
            "enabled": true,
            "id": "/subscriptions/90f4dd64-b8a4-40a8-898f-a777acc25b9a/resourceGroups/az-eastus/providers/Microsoft.DevTestLab/schedules/shutdown-computevm-Az-eus-winvm01",
            "location": "eastus",
            "notification_settings": [
              {
                "email": "adm.prasadg1@Gmail.com",
                "enabled": true,
                "time_in_minutes": 30,
                "webhook_url": ""
              }
            ],
            "tags": {
              "environment": "testing",
              "owner": "gautam",
              "purpose": "Virtual Machine deployment",
              "subscrition": "Aztechone"
            },
            "timeouts": null,
            "timezone": "India Standard Time",
            "virtual_machine_id": "/subscriptions/90f4dd64-b8a4-40a8-898f-a777acc25b9a/resourceGroups/az-eastus/providers/Microsoft.Compute/virtualMachines/Az-eus-winvm01"
          },
          "sensitive_attributes": [],
          "private": "eyJlMmJmYjczMC1lY2FhLTExZTYtOGY4OC0zNDM2M2JjN2M0YzAiOnsiY3JlYXRlIjoxODAwMDAwMDAwMDAwLCJkZWxldGUiOjE4MDAwMDAwMDAwMDAsInJlYWQiOjMwMDAwMDAwMDAwMCwidXBkYXRlIjoxODAwMDAwMDAwMDAwfSwic2NoZW1hX3ZlcnNpb24iOiIwIn0="
        }
      ]
    },
    {
      "mode": "managed",
      "type": "azurerm_network_interface",
      "name": "res-3",
      "provider": "provider[\"registry.terraform.io/hashicorp/azurerm\"]",
      "instances": [
        {
          "schema_version": 0,
          "attributes": {
            "applied_dns_servers": [],
            "auxiliary_mode": "",
            "auxiliary_sku": "",
            "dns_servers": [],
            "edge_zone": "",
            "enable_accelerated_networking": false,
            "enable_ip_forwarding": false,
            "id": "/subscriptions/90f4dd64-b8a4-40a8-898f-a777acc25b9a/resourceGroups/az-eastus/providers/Microsoft.Network/networkInterfaces/az-eus-winvm01805",
            "internal_dns_name_label": "",
            "internal_domain_name_suffix": "",
            "ip_configuration": [
              {
                "gateway_load_balancer_frontend_ip_configuration_id": "",
                "name": "ipconfig1",
                "primary": true,
                "private_ip_address": "10.0.0.4",
                "private_ip_address_allocation": "Dynamic",
                "private_ip_address_version": "IPv4",
                "public_ip_address_id": "/subscriptions/90f4dd64-b8a4-40a8-898f-a777acc25b9a/resourceGroups/az-eastus/providers/Microsoft.Network/publicIPAddresses/Az-eus-winvm01-ip",
                "subnet_id": "/subscriptions/90f4dd64-b8a4-40a8-898f-a777acc25b9a/resourceGroups/az-eastus/providers/Microsoft.Network/virtualNetworks/Az-eus-vnet01/subnets/Prod"
              }
            ],
            "location": "eastus",
            "mac_address": "60-45-BD-D8-DF-33",
            "name": "az-eus-winvm01805",
            "private_ip_address": "10.0.0.4",
            "private_ip_addresses": [
              "10.0.0.4"
            ],
            "resource_group_name": "az-eastus",
            "tags": {
              "environment": "testing",
              "owner": "gautam",
              "purpose": "Virtual Machine deployment",
              "subscrition": "Aztechone"
            },
            "timeouts": null,
            "virtual_machine_id": "/subscriptions/90f4dd64-b8a4-40a8-898f-a777acc25b9a/resourceGroups/az-eastus/providers/Microsoft.Compute/virtualMachines/Az-eus-winvm01"
          },
          "sensitive_attributes": [],
          "private": "eyJlMmJmYjczMC1lY2FhLTExZTYtOGY4OC0zNDM2M2JjN2M0YzAiOnsiY3JlYXRlIjoxODAwMDAwMDAwMDAwLCJkZWxldGUiOjE4MDAwMDAwMDAwMDAsInJlYWQiOjMwMDAwMDAwMDAwMCwidXBkYXRlIjoxODAwMDAwMDAwMDAwfSwic2NoZW1hX3ZlcnNpb24iOiIwIn0="
        }
      ]
    },
    {
      "mode": "managed",
      "type": "azurerm_network_interface_security_group_association",
      "name": "res-4",
      "provider": "provider[\"registry.terraform.io/hashicorp/azurerm\"]",
      "instances": [
        {
          "schema_version": 0,
          "attributes": {
            "id": "/subscriptions/90f4dd64-b8a4-40a8-898f-a777acc25b9a/resourceGroups/az-eastus/providers/Microsoft.Network/networkInterfaces/az-eus-winvm01805|/subscriptions/90f4dd64-b8a4-40a8-898f-a777acc25b9a/resourceGroups/az-eastus/providers/Microsoft.Network/networkSecurityGroups/Az-eus-nsg-01",
            "network_interface_id": "/subscriptions/90f4dd64-b8a4-40a8-898f-a777acc25b9a/resourceGroups/az-eastus/providers/Microsoft.Network/networkInterfaces/az-eus-winvm01805",
            "network_security_group_id": "/subscriptions/90f4dd64-b8a4-40a8-898f-a777acc25b9a/resourceGroups/az-eastus/providers/Microsoft.Network/networkSecurityGroups/Az-eus-nsg-01",
            "timeouts": null
          },
          "sensitive_attributes": [],
          "private": "eyJlMmJmYjczMC1lY2FhLTExZTYtOGY4OC0zNDM2M2JjN2M0YzAiOnsiY3JlYXRlIjoxODAwMDAwMDAwMDAwLCJkZWxldGUiOjE4MDAwMDAwMDAwMDAsInJlYWQiOjMwMDAwMDAwMDAwMCwidXBkYXRlIjoxODAwMDAwMDAwMDAwfSwic2NoZW1hX3ZlcnNpb24iOiIwIn0="
        }
      ]
    },
    {
      "mode": "managed",
      "type": "azurerm_network_security_group",
      "name": "res-5",
      "provider": "provider[\"registry.terraform.io/hashicorp/azurerm\"]",
      "instances": [
        {
          "schema_version": 0,
          "attributes": {
            "id": "/subscriptions/90f4dd64-b8a4-40a8-898f-a777acc25b9a/resourceGroups/az-eastus/providers/Microsoft.Network/networkSecurityGroups/Az-eus-nsg-01",
            "location": "eastus",
            "name": "Az-eus-nsg-01",
            "resource_group_name": "az-eastus",
            "security_rule": [
              {
                "access": "Allow",
                "description": "",
                "destination_address_prefix": "*",
                "destination_address_prefixes": [],
                "destination_application_security_group_ids": [],
                "destination_port_range": "3389",
                "destination_port_ranges": [],
                "direction": "Inbound",
                "name": "RDP",
                "priority": 100,
                "protocol": "Tcp",
                "source_address_prefix": "*",
                "source_address_prefixes": [],
                "source_application_security_group_ids": [],
                "source_port_range": "*",
                "source_port_ranges": []
              }
            ],
            "tags": {},
            "timeouts": null
          },
          "sensitive_attributes": [],
          "private": "eyJlMmJmYjczMC1lY2FhLTExZTYtOGY4OC0zNDM2M2JjN2M0YzAiOnsiY3JlYXRlIjoxODAwMDAwMDAwMDAwLCJkZWxldGUiOjE4MDAwMDAwMDAwMDAsInJlYWQiOjMwMDAwMDAwMDAwMCwidXBkYXRlIjoxODAwMDAwMDAwMDAwfSwic2NoZW1hX3ZlcnNpb24iOiIwIn0="
        }
      ]
    },
    {
      "mode": "managed",
      "type": "azurerm_network_security_rule",
      "name": "res-6",
      "provider": "provider[\"registry.terraform.io/hashicorp/azurerm\"]",
      "instances": [
        {
          "schema_version": 0,
          "attributes": {
            "access": "Allow",
            "description": "",
            "destination_address_prefix": "*",
            "destination_address_prefixes": [],
            "destination_application_security_group_ids": [],
            "destination_port_range": "3389",
            "destination_port_ranges": [],
            "direction": "Inbound",
            "id": "/subscriptions/90f4dd64-b8a4-40a8-898f-a777acc25b9a/resourceGroups/az-eastus/providers/Microsoft.Network/networkSecurityGroups/Az-eus-nsg-01/securityRules/RDP",
            "name": "RDP",
            "network_security_group_name": "Az-eus-nsg-01",
            "priority": 100,
            "protocol": "Tcp",
            "resource_group_name": "az-eastus",
            "source_address_prefix": "*",
            "source_address_prefixes": [],
            "source_application_security_group_ids": [],
            "source_port_range": "*",
            "source_port_ranges": [],
            "timeouts": null
          },
          "sensitive_attributes": [],
          "private": "eyJlMmJmYjczMC1lY2FhLTExZTYtOGY4OC0zNDM2M2JjN2M0YzAiOnsiY3JlYXRlIjoxODAwMDAwMDAwMDAwLCJkZWxldGUiOjE4MDAwMDAwMDAwMDAsInJlYWQiOjMwMDAwMDAwMDAwMCwidXBkYXRlIjoxODAwMDAwMDAwMDAwfSwic2NoZW1hX3ZlcnNpb24iOiIwIn0="
        }
      ]
    },
    {
      "mode": "managed",
      "type": "azurerm_public_ip",
      "name": "res-7",
      "provider": "provider[\"registry.terraform.io/hashicorp/azurerm\"]",
      "instances": [
        {
          "schema_version": 0,
          "attributes": {
            "allocation_method": "Static",
            "ddos_protection_mode": "VirtualNetworkInherited",
            "ddos_protection_plan_id": null,
            "domain_name_label": null,
            "edge_zone": "",
            "fqdn": null,
            "id": "/subscriptions/90f4dd64-b8a4-40a8-898f-a777acc25b9a/resourceGroups/az-eastus/providers/Microsoft.Network/publicIPAddresses/Az-eus-winvm01-ip",
            "idle_timeout_in_minutes": 4,
            "ip_address": "52.168.135.55",
            "ip_tags": {},
            "ip_version": "IPv4",
            "location": "eastus",
            "name": "Az-eus-winvm01-ip",
            "public_ip_prefix_id": null,
            "resource_group_name": "az-eastus",
            "reverse_fqdn": null,
            "sku": "Standard",
            "sku_tier": "Regional",
            "tags": {
              "environment": "testing",
              "owner": "gautam",
              "purpose": "Virtual Machine deployment",
              "subscrition": "Aztechone"
            },
            "timeouts": null,
            "zones": []
          },
          "sensitive_attributes": [],
          "private": "eyJlMmJmYjczMC1lY2FhLTExZTYtOGY4OC0zNDM2M2JjN2M0YzAiOnsiY3JlYXRlIjoxODAwMDAwMDAwMDAwLCJkZWxldGUiOjE4MDAwMDAwMDAwMDAsInJlYWQiOjMwMDAwMDAwMDAwMCwidXBkYXRlIjoxODAwMDAwMDAwMDAwfSwic2NoZW1hX3ZlcnNpb24iOiIwIn0="
        }
      ]
    },
    {
      "mode": "managed",
      "type": "azurerm_resource_group",
      "name": "res-1",
      "provider": "provider[\"registry.terraform.io/hashicorp/azurerm\"]",
      "instances": [
        {
          "schema_version": 0,
          "attributes": {
            "id": "/subscriptions/90f4dd64-b8a4-40a8-898f-a777acc25b9a/resourceGroups/az-eastus",
            "location": "eastus",
            "managed_by": "",
            "name": "az-eastus",
            "tags": {},
            "timeouts": null
          },
          "sensitive_attributes": [],
          "private": "eyJlMmJmYjczMC1lY2FhLTExZTYtOGY4OC0zNDM2M2JjN2M0YzAiOnsiY3JlYXRlIjo1NDAwMDAwMDAwMDAwLCJkZWxldGUiOjU0MDAwMDAwMDAwMDAsInJlYWQiOjMwMDAwMDAwMDAwMCwidXBkYXRlIjo1NDAwMDAwMDAwMDAwfSwic2NoZW1hX3ZlcnNpb24iOiIwIn0="
        }
      ]
    },
    {
      "mode": "managed",
      "type": "azurerm_storage_account",
      "name": "res-11",
      "provider": "provider[\"registry.terraform.io/hashicorp/azurerm\"]",
      "instances": [
        {
          "schema_version": 4,
          "attributes": {
            "access_tier": "Hot",
            "account_kind": "StorageV2",
            "account_replication_type": "LRS",
            "account_tier": "Standard",
            "allow_nested_items_to_be_public": true,
            "allowed_copy_scope": "",
            "azure_files_authentication": [],
            "blob_properties": [
              {
                "change_feed_enabled": false,
                "change_feed_retention_in_days": 0,
                "container_delete_retention_policy": [],
                "cors_rule": [],
                "default_service_version": "",
                "delete_retention_policy": [],
                "last_access_time_enabled": false,
                "restore_policy": [],
                "versioning_enabled": false
              }
            ],
            "cross_tenant_replication_enabled": false,
            "custom_domain": [],
            "customer_managed_key": [],
            "default_to_oauth_authentication": false,
            "edge_zone": "",
            "enable_https_traffic_only": true,
            "id": "/subscriptions/90f4dd64-b8a4-40a8-898f-a777acc25b9a/resourceGroups/az-eastus/providers/Microsoft.Storage/storageAccounts/azeastusdiag",
            "identity": [],
            "immutability_policy": [],
            "infrastructure_encryption_enabled": false,
            "is_hns_enabled": false,
            "large_file_share_enabled": null,
            "location": "eastus",
            "min_tls_version": "TLS1_2",
            "name": "azeastusdiag",
            "network_rules": [
              {
                "bypass": [
                  "AzureServices"
                ],
                "default_action": "Allow",
                "ip_rules": [],
                "private_link_access": [],
                "virtual_network_subnet_ids": []
              }
            ],
            "nfsv3_enabled": false,
            "primary_access_key": "m8Ak2aEe32W9VO7A7O6j7l6t3jh4OJhjUq48IoKk53zuWTcPCDaK4aqIVvMdiCb2536AJpJuVnXZ+ASt387UuQ==",
            "primary_blob_connection_string": "DefaultEndpointsProtocol=https;BlobEndpoint=https://azeastusdiag.blob.core.windows.net/;AccountName=azeastusdiag;AccountKey=m8Ak2aEe32W9VO7A7O6j7l6t3jh4OJhjUq48IoKk53zuWTcPCDaK4aqIVvMdiCb2536AJpJuVnXZ+ASt387UuQ==",
            "primary_blob_endpoint": "https://azeastusdiag.blob.core.windows.net/",
            "primary_blob_host": "azeastusdiag.blob.core.windows.net",
            "primary_connection_string": "DefaultEndpointsProtocol=https;AccountName=azeastusdiag;AccountKey=m8Ak2aEe32W9VO7A7O6j7l6t3jh4OJhjUq48IoKk53zuWTcPCDaK4aqIVvMdiCb2536AJpJuVnXZ+ASt387UuQ==;EndpointSuffix=core.windows.net",
            "primary_dfs_endpoint": "https://azeastusdiag.dfs.core.windows.net/",
            "primary_dfs_host": "azeastusdiag.dfs.core.windows.net",
            "primary_file_endpoint": "https://azeastusdiag.file.core.windows.net/",
            "primary_file_host": "azeastusdiag.file.core.windows.net",
            "primary_location": "eastus",
            "primary_queue_endpoint": "https://azeastusdiag.queue.core.windows.net/",
            "primary_queue_host": "azeastusdiag.queue.core.windows.net",
            "primary_table_endpoint": "https://azeastusdiag.table.core.windows.net/",
            "primary_table_host": "azeastusdiag.table.core.windows.net",
            "primary_web_endpoint": "https://azeastusdiag.z13.web.core.windows.net/",
            "primary_web_host": "azeastusdiag.z13.web.core.windows.net",
            "public_network_access_enabled": true,
            "queue_encryption_key_type": "Service",
            "queue_properties": [
              {
                "cors_rule": [],
                "hour_metrics": [
                  {
                    "enabled": true,
                    "include_apis": true,
                    "retention_policy_days": 7,
                    "version": "1.0"
                  }
                ],
                "logging": [
                  {
                    "delete": false,
                    "read": false,
                    "retention_policy_days": 0,
                    "version": "1.0",
                    "write": false
                  }
                ],
                "minute_metrics": [
                  {
                    "enabled": false,
                    "include_apis": false,
                    "retention_policy_days": 0,
                    "version": "1.0"
                  }
                ]
              }
            ],
            "resource_group_name": "az-eastus",
            "routing": [],
            "sas_policy": [],
            "secondary_access_key": "dQnnUqITHePSl16/+BPuWaJFgqsOGkEOaexjLwoL/X1IlfUR+6FaK28TgG+1DbYl3xGND4Pby/iX+AStemHvCg==",
            "secondary_blob_connection_string": "",
            "secondary_blob_endpoint": null,
            "secondary_blob_host": null,
            "secondary_connection_string": "DefaultEndpointsProtocol=https;AccountName=azeastusdiag;AccountKey=dQnnUqITHePSl16/+BPuWaJFgqsOGkEOaexjLwoL/X1IlfUR+6FaK28TgG+1DbYl3xGND4Pby/iX+AStemHvCg==;EndpointSuffix=core.windows.net",
            "secondary_dfs_endpoint": null,
            "secondary_dfs_host": null,
            "secondary_file_endpoint": null,
            "secondary_file_host": null,
            "secondary_location": "",
            "secondary_queue_endpoint": null,
            "secondary_queue_host": null,
            "secondary_table_endpoint": null,
            "secondary_table_host": null,
            "secondary_web_endpoint": null,
            "secondary_web_host": null,
            "sftp_enabled": false,
            "share_properties": [
              {
                "cors_rule": [],
                "retention_policy": [
                  {
                    "days": 7
                  }
                ],
                "smb": []
              }
            ],
            "shared_access_key_enabled": true,
            "static_website": [],
            "table_encryption_key_type": "Service",
            "tags": {},
            "timeouts": null
          },
          "sensitive_attributes": [],
          "private": "eyJlMmJmYjczMC1lY2FhLTExZTYtOGY4OC0zNDM2M2JjN2M0YzAiOnsiY3JlYXRlIjozNjAwMDAwMDAwMDAwLCJkZWxldGUiOjM2MDAwMDAwMDAwMDAsInJlYWQiOjMwMDAwMDAwMDAwMCwidXBkYXRlIjozNjAwMDAwMDAwMDAwfSwic2NoZW1hX3ZlcnNpb24iOiI0In0="
        }
      ]
    },
    {
      "mode": "managed",
      "type": "azurerm_storage_container",
      "name": "res-13",
      "provider": "provider[\"registry.terraform.io/hashicorp/azurerm\"]",
      "instances": [
        {
          "schema_version": 1,
          "attributes": {
            "container_access_type": "private",
            "has_immutability_policy": false,
            "has_legal_hold": false,
            "id": "https://azeastusdiag.blob.core.windows.net/bootdiagnostics-azeuswinv-2b427685-d6f8-41b9-af03-b46e00c36d0c",
            "metadata": {},
            "name": "bootdiagnostics-azeuswinv-2b427685-d6f8-41b9-af03-b46e00c36d0c",
            "resource_manager_id": "/subscriptions/90f4dd64-b8a4-40a8-898f-a777acc25b9a/resourceGroups/az-eastus/providers/Microsoft.Storage/storageAccounts/azeastusdiag/blobServices/default/containers/bootdiagnostics-azeuswinv-2b427685-d6f8-41b9-af03-b46e00c36d0c",
            "storage_account_name": "azeastusdiag",
            "timeouts": null
          },
          "sensitive_attributes": [],
          "private": "eyJlMmJmYjczMC1lY2FhLTExZTYtOGY4OC0zNDM2M2JjN2M0YzAiOnsiY3JlYXRlIjoxODAwMDAwMDAwMDAwLCJkZWxldGUiOjE4MDAwMDAwMDAwMDAsInJlYWQiOjMwMDAwMDAwMDAwMCwidXBkYXRlIjoxODAwMDAwMDAwMDAwfSwic2NoZW1hX3ZlcnNpb24iOiIxIn0="
        }
      ]
    },
    {
      "mode": "managed",
      "type": "azurerm_subnet",
      "name": "res-10",
      "provider": "provider[\"registry.terraform.io/hashicorp/azurerm\"]",
      "instances": [
        {
          "schema_version": 0,
          "attributes": {
            "address_prefixes": [
              "10.0.0.0/24"
            ],
            "delegation": [],
            "enforce_private_link_endpoint_network_policies": false,
            "enforce_private_link_service_network_policies": false,
            "id": "/subscriptions/90f4dd64-b8a4-40a8-898f-a777acc25b9a/resourceGroups/az-eastus/providers/Microsoft.Network/virtualNetworks/Az-eus-vnet01/subnets/Prod",
            "name": "Prod",
            "private_endpoint_network_policies_enabled": true,
            "private_link_service_network_policies_enabled": true,
            "resource_group_name": "az-eastus",
            "service_endpoint_policy_ids": [],
            "service_endpoints": [],
            "timeouts": null,
            "virtual_network_name": "Az-eus-vnet01"
          },
          "sensitive_attributes": [],
          "private": "eyJlMmJmYjczMC1lY2FhLTExZTYtOGY4OC0zNDM2M2JjN2M0YzAiOnsiY3JlYXRlIjoxODAwMDAwMDAwMDAwLCJkZWxldGUiOjE4MDAwMDAwMDAwMDAsInJlYWQiOjMwMDAwMDAwMDAwMCwidXBkYXRlIjoxODAwMDAwMDAwMDAwfSwic2NoZW1hX3ZlcnNpb24iOiIwIn0="
        }
      ]
    },
    {
      "mode": "managed",
      "type": "azurerm_subnet",
      "name": "res-9",
      "provider": "provider[\"registry.terraform.io/hashicorp/azurerm\"]",
      "instances": [
        {
          "schema_version": 0,
          "attributes": {
            "address_prefixes": [
              "10.0.1.0/24"
            ],
            "delegation": [],
            "enforce_private_link_endpoint_network_policies": false,
            "enforce_private_link_service_network_policies": false,
            "id": "/subscriptions/90f4dd64-b8a4-40a8-898f-a777acc25b9a/resourceGroups/az-eastus/providers/Microsoft.Network/virtualNetworks/Az-eus-vnet01/subnets/Dev",
            "name": "Dev",
            "private_endpoint_network_policies_enabled": true,
            "private_link_service_network_policies_enabled": true,
            "resource_group_name": "az-eastus",
            "service_endpoint_policy_ids": [],
            "service_endpoints": [],
            "timeouts": null,
            "virtual_network_name": "Az-eus-vnet01"
          },
          "sensitive_attributes": [],
          "private": "eyJlMmJmYjczMC1lY2FhLTExZTYtOGY4OC0zNDM2M2JjN2M0YzAiOnsiY3JlYXRlIjoxODAwMDAwMDAwMDAwLCJkZWxldGUiOjE4MDAwMDAwMDAwMDAsInJlYWQiOjMwMDAwMDAwMDAwMCwidXBkYXRlIjoxODAwMDAwMDAwMDAwfSwic2NoZW1hX3ZlcnNpb24iOiIwIn0="
        }
      ]
    },
    {
      "mode": "managed",
      "type": "azurerm_virtual_network",
      "name": "res-8",
      "provider": "provider[\"registry.terraform.io/hashicorp/azurerm\"]",
      "instances": [
        {
          "schema_version": 0,
          "attributes": {
            "address_space": [
              "10.0.0.0/16"
            ],
            "bgp_community": "",
            "ddos_protection_plan": [],
            "dns_servers": [],
            "edge_zone": "",
            "encryption": [],
            "flow_timeout_in_minutes": 0,
            "guid": "19c86c22-42e1-467b-a0f8-31f4cc8fcde8",
            "id": "/subscriptions/90f4dd64-b8a4-40a8-898f-a777acc25b9a/resourceGroups/az-eastus/providers/Microsoft.Network/virtualNetworks/Az-eus-vnet01",
            "location": "eastus",
            "name": "Az-eus-vnet01",
            "resource_group_name": "az-eastus",
            "subnet": [
              {
                "address_prefix": "10.0.0.0/24",
                "id": "/subscriptions/90f4dd64-b8a4-40a8-898f-a777acc25b9a/resourceGroups/az-eastus/providers/Microsoft.Network/virtualNetworks/Az-eus-vnet01/subnets/Prod",
                "name": "Prod",
                "security_group": ""
              },
              {
                "address_prefix": "10.0.1.0/24",
                "id": "/subscriptions/90f4dd64-b8a4-40a8-898f-a777acc25b9a/resourceGroups/az-eastus/providers/Microsoft.Network/virtualNetworks/Az-eus-vnet01/subnets/Dev",
                "name": "Dev",
                "security_group": ""
              }
            ],
            "tags": {},
            "timeouts": null
          },
          "sensitive_attributes": [],
          "private": "eyJlMmJmYjczMC1lY2FhLTExZTYtOGY4OC0zNDM2M2JjN2M0YzAiOnsiY3JlYXRlIjoxODAwMDAwMDAwMDAwLCJkZWxldGUiOjE4MDAwMDAwMDAwMDAsInJlYWQiOjMwMDAwMDAwMDAwMCwidXBkYXRlIjoxODAwMDAwMDAwMDAwfSwic2NoZW1hX3ZlcnNpb24iOiIwIn0="
        }
      ]
    },
    {
      "mode": "managed",
      "type": "azurerm_windows_virtual_machine",
      "name": "res-0",
      "provider": "provider[\"registry.terraform.io/hashicorp/azurerm\"]",
      "instances": [
        {
          "schema_version": 0,
          "attributes": {
            "additional_capabilities": [
              {
                "ultra_ssd_enabled": false
              }
            ],
            "additional_unattend_content": [],
            "admin_password": "ignored-as-imported",
            "admin_username": "gautam",
            "allow_extension_operations": true,
            "availability_set_id": "",
            "boot_diagnostics": [
              {
                "storage_account_uri": "https://azeastusdiag.blob.core.windows.net/"
              }
            ],
            "bypass_platform_safety_checks_on_user_schedule_enabled": true,
            "capacity_reservation_group_id": "",
            "computer_name": "Az-eus-winvm01",
            "custom_data": null,
            "dedicated_host_group_id": "",
            "dedicated_host_id": "",
            "edge_zone": "",
            "enable_automatic_updates": true,
            "encryption_at_host_enabled": false,
            "eviction_policy": "",
            "extensions_time_budget": "PT1H30M",
            "gallery_application": [],
            "hotpatching_enabled": false,
            "id": "/subscriptions/90f4dd64-b8a4-40a8-898f-a777acc25b9a/resourceGroups/AZ-EASTUS/providers/Microsoft.Compute/virtualMachines/Az-eus-winvm01",
            "identity": [],
            "license_type": "Windows_Server",
            "location": "eastus",
            "max_bid_price": -1,
            "name": "Az-eus-winvm01",
            "network_interface_ids": [
              "/subscriptions/90f4dd64-b8a4-40a8-898f-a777acc25b9a/resourceGroups/az-eastus/providers/Microsoft.Network/networkInterfaces/az-eus-winvm01805"
            ],
            "os_disk": [
              {
                "caching": "ReadWrite",
                "diff_disk_settings": [],
                "disk_encryption_set_id": "",
                "disk_size_gb": 127,
                "name": "Az-eus-winvm01_OsDisk_1_371a9e538df046188c0f1ce0d1effbcd",
                "secure_vm_disk_encryption_set_id": "",
                "security_encryption_type": "",
                "storage_account_type": "StandardSSD_LRS",
                "write_accelerator_enabled": false
              }
            ],
            "patch_assessment_mode": "AutomaticByPlatform",
            "patch_mode": "AutomaticByPlatform",
            "plan": [],
            "platform_fault_domain": -1,
            "priority": "Regular",
            "private_ip_address": "10.0.0.4",
            "private_ip_addresses": [
              "10.0.0.4"
            ],
            "provision_vm_agent": true,
            "proximity_placement_group_id": "",
            "public_ip_address": "52.168.135.55",
            "public_ip_addresses": [
              "52.168.135.55"
            ],
            "reboot_setting": "",
            "resource_group_name": "AZ-EASTUS",
            "secret": [],
            "secure_boot_enabled": true,
            "size": "Standard_B1s",
            "source_image_id": "",
            "source_image_reference": [
              {
                "offer": "WindowsServer",
                "publisher": "MicrosoftWindowsServer",
                "sku": "2019-datacenter-gensecond",
                "version": "latest"
              }
            ],
            "tags": {
              "environment": "testing",
              "owner": "gautam",
              "purpose": "Virtual Machine deployment",
              "subscrition": "Aztechone"
            },
            "termination_notification": [],
            "timeouts": null,
            "timezone": "",
            "user_data": "",
            "virtual_machine_id": "2b427685-d6f8-41b9-af03-b46e00c36d0c",
            "virtual_machine_scale_set_id": "",
            "vtpm_enabled": true,
            "winrm_listener": [],
            "zone": ""
          },
          "sensitive_attributes": [],
          "private": "eyJlMmJmYjczMC1lY2FhLTExZTYtOGY4OC0zNDM2M2JjN2M0YzAiOnsiY3JlYXRlIjoyNzAwMDAwMDAwMDAwLCJkZWxldGUiOjI3MDAwMDAwMDAwMDAsInJlYWQiOjMwMDAwMDAwMDAwMCwidXBkYXRlIjoyNzAwMDAwMDAwMDAwfSwic2NoZW1hX3ZlcnNpb24iOiIwIn0="
        }
      ]
    }
  ],
  "check_results": null
}
